
Microsoft Visual Studio Solution File, Format Version 12.00
# Visual Studio Version 16
VisualStudioVersion = 16.0.29215.179
MinimumVisualStudioVersion = 10.0.40219.1
Project("{FAE04EC0-301F-11D3-BF4B-00C04F79EFBC}") = "api_all", "api_all\api_all.csproj", "{E5C8ABD7-78E0-49D9-93FD-15524DF48874}"
EndProject
Global
	GlobalSection(SolutionConfigurationPlatforms) = preSolution
		Debug|Any CPU = Debug|Any CPU
		Release|Any CPU = Release|Any CPU
	EndGlobalSection
	GlobalSection(ProjectConfigurationPlatforms) = postSolution
		{E5C8ABD7-78E0-49D9-93FD-15524DF48874}.Debug|Any CPU.ActiveCfg = Debug|Any CPU
		{E5C8ABD7-78E0-49D9-93FD-15524DF48874}.Debug|Any CPU.Build.0 = Debug|Any CPU
		{E5C8ABD7-78E0-49D9-93FD-15524DF48874}.Release|Any CPU.ActiveCfg = Release|Any CPU
		{E5C8ABD7-78E0-49D9-93FD-15524DF48874}.Release|Any CPU.Build.0 = Release|Any CPU
	EndGlobalSection
	GlobalSection(SolutionProperties) = preSolution
		HideSolutionNode = FALSE
	EndGlobalSection
	GlobalSection(ExtensibilityGlobals) = postSolution
		SolutionGuid = {A1450791-3CA2-4B26-9CD5-9D06B9EB92BD}
	EndGlobalSection
EndGlobal
